
Microsoft Visual Studio Solution File, Format Version 12.00
# Visual Studio Version 16
VisualStudioVersion = 16.0.29306.81
MinimumVisualStudioVersion = 10.0.40219.1
Project("{9A19103F-16F7-4668-BE54-9A1E7A4F7556}") = "Glue.Net", "Glue.Net\Glue.Net.csproj", "{31A1D383-A8F0-4BE3-8918-17A71303F844}"
EndProject
Project("{8BC9CEB8-8B4A-11D0-8D11-00A0C91BC942}") = "Glue.Net-Native", "Glue.Net-Native\Glue.Net-Native.vcxproj", "{03237E93-71F5-40AF-9E43-6A83CB695E9F}"
EndProject
Project("{2150E333-8FDC-42A3-9474-1A3956D46DE8}") = "Debug", "Debug", "{7B15C739-8B99-4FE0-A845-98AB846D2354}"
EndProject
Project("{2150E333-8FDC-42A3-9474-1A3956D46DE8}") = "Samples", "Samples", "{0532A3C7-5627-49F8-971C-E81AFB33E11F}"
EndProject
Project("{FAE04EC0-301F-11D3-BF4B-00C04F79EFBC}") = "OcTree_Test", "Debug\OcTree_Test\OcTree_Test.csproj", "{8A1CBF52-737D-446A-A877-7A4AA4FEB049}"
EndProject
Project("{FAE04EC0-301F-11D3-BF4B-00C04F79EFBC}") = "BitField_Debug", "Debug\BitField_Debug\BitField_Debug.csproj", "{20421B38-8507-4D38-9FF9-10764B2B6F4A}"
EndProject
Project("{2150E333-8FDC-42A3-9474-1A3956D46DE8}") = "WIP", "WIP", "{BF2E49E1-8756-4064-A0E1-CA5A6E2156B8}"
EndProject
Project("{FAE04EC0-301F-11D3-BF4B-00C04F79EFBC}") = "Hello_Mesh", "Samples\Hello_Mesh\Hello_Mesh.csproj", "{3511DDA0-2997-4B52-8B1C-55C0A5C8FF87}"
EndProject
Project("{FAE04EC0-301F-11D3-BF4B-00C04F79EFBC}") = "Hello Text", "Samples\Hello Text\Hello Text.csproj", "{80FBA289-595B-4C57-9B18-F7691E412378}"
EndProject
Global
	GlobalSection(SolutionConfigurationPlatforms) = preSolution
		Debug|Any CPU = Debug|Any CPU
		Debug|x64 = Debug|x64
		Debug|x86 = Debug|x86
		Release|Any CPU = Release|Any CPU
		Release|x64 = Release|x64
		Release|x86 = Release|x86
	EndGlobalSection
	GlobalSection(ProjectConfigurationPlatforms) = postSolution
		{31A1D383-A8F0-4BE3-8918-17A71303F844}.Debug|Any CPU.ActiveCfg = Debug|x64
		{31A1D383-A8F0-4BE3-8918-17A71303F844}.Debug|Any CPU.Build.0 = Debug|x64
		{31A1D383-A8F0-4BE3-8918-17A71303F844}.Debug|x64.ActiveCfg = Release|x64
		{31A1D383-A8F0-4BE3-8918-17A71303F844}.Debug|x64.Build.0 = Release|x64
		{31A1D383-A8F0-4BE3-8918-17A71303F844}.Debug|x86.ActiveCfg = Debug|Any CPU
		{31A1D383-A8F0-4BE3-8918-17A71303F844}.Debug|x86.Build.0 = Debug|Any CPU
		{31A1D383-A8F0-4BE3-8918-17A71303F844}.Release|Any CPU.ActiveCfg = Release|Any CPU
		{31A1D383-A8F0-4BE3-8918-17A71303F844}.Release|Any CPU.Build.0 = Release|Any CPU
		{31A1D383-A8F0-4BE3-8918-17A71303F844}.Release|x64.ActiveCfg = Release|x64
		{31A1D383-A8F0-4BE3-8918-17A71303F844}.Release|x64.Build.0 = Release|x64
		{31A1D383-A8F0-4BE3-8918-17A71303F844}.Release|x86.ActiveCfg = Release|Any CPU
		{31A1D383-A8F0-4BE3-8918-17A71303F844}.Release|x86.Build.0 = Release|Any CPU
		{03237E93-71F5-40AF-9E43-6A83CB695E9F}.Debug|Any CPU.ActiveCfg = Debug|x64
		{03237E93-71F5-40AF-9E43-6A83CB695E9F}.Debug|Any CPU.Build.0 = Debug|x64
		{03237E93-71F5-40AF-9E43-6A83CB695E9F}.Debug|x64.ActiveCfg = Release|x64
		{03237E93-71F5-40AF-9E43-6A83CB695E9F}.Debug|x64.Build.0 = Release|x64
		{03237E93-71F5-40AF-9E43-6A83CB695E9F}.Debug|x86.ActiveCfg = Debug|Win32
		{03237E93-71F5-40AF-9E43-6A83CB695E9F}.Debug|x86.Build.0 = Debug|Win32
		{03237E93-71F5-40AF-9E43-6A83CB695E9F}.Release|Any CPU.ActiveCfg = Release|Win32
		{03237E93-71F5-40AF-9E43-6A83CB695E9F}.Release|x64.ActiveCfg = Release|x64
		{03237E93-71F5-40AF-9E43-6A83CB695E9F}.Release|x64.Build.0 = Release|x64
		{03237E93-71F5-40AF-9E43-6A83CB695E9F}.Release|x86.ActiveCfg = Release|Win32
		{03237E93-71F5-40AF-9E43-6A83CB695E9F}.Release|x86.Build.0 = Release|Win32
		{8A1CBF52-737D-446A-A877-7A4AA4FEB049}.Debug|Any CPU.ActiveCfg = Debug|Any CPU
		{8A1CBF52-737D-446A-A877-7A4AA4FEB049}.Debug|Any CPU.Build.0 = Debug|Any CPU
		{8A1CBF52-737D-446A-A877-7A4AA4FEB049}.Debug|x64.ActiveCfg = Debug|Any CPU
		{8A1CBF52-737D-446A-A877-7A4AA4FEB049}.Debug|x64.Build.0 = Debug|Any CPU
		{8A1CBF52-737D-446A-A877-7A4AA4FEB049}.Debug|x86.ActiveCfg = Debug|Any CPU
		{8A1CBF52-737D-446A-A877-7A4AA4FEB049}.Debug|x86.Build.0 = Debug|Any CPU
		{8A1CBF52-737D-446A-A877-7A4AA4FEB049}.Release|Any CPU.ActiveCfg = Release|Any CPU
		{8A1CBF52-737D-446A-A877-7A4AA4FEB049}.Release|Any CPU.Build.0 = Release|Any CPU
		{8A1CBF52-737D-446A-A877-7A4AA4FEB049}.Release|x64.ActiveCfg = Release|Any CPU
		{8A1CBF52-737D-446A-A877-7A4AA4FEB049}.Release|x64.Build.0 = Release|Any CPU
		{8A1CBF52-737D-446A-A877-7A4AA4FEB049}.Release|x86.ActiveCfg = Release|Any CPU
		{8A1CBF52-737D-446A-A877-7A4AA4FEB049}.Release|x86.Build.0 = Release|Any CPU
		{20421B38-8507-4D38-9FF9-10764B2B6F4A}.Debug|Any CPU.ActiveCfg = Debug|Any CPU
		{20421B38-8507-4D38-9FF9-10764B2B6F4A}.Debug|Any CPU.Build.0 = Debug|Any CPU
		{20421B38-8507-4D38-9FF9-10764B2B6F4A}.Debug|x64.ActiveCfg = Debug|Any CPU
		{20421B38-8507-4D38-9FF9-10764B2B6F4A}.Debug|x64.Build.0 = Debug|Any CPU
		{20421B38-8507-4D38-9FF9-10764B2B6F4A}.Debug|x86.ActiveCfg = Debug|Any CPU
		{20421B38-8507-4D38-9FF9-10764B2B6F4A}.Debug|x86.Build.0 = Debug|Any CPU
		{20421B38-8507-4D38-9FF9-10764B2B6F4A}.Release|Any CPU.ActiveCfg = Release|Any CPU
		{20421B38-8507-4D38-9FF9-10764B2B6F4A}.Release|Any CPU.Build.0 = Release|Any CPU
		{20421B38-8507-4D38-9FF9-10764B2B6F4A}.Release|x64.ActiveCfg = Release|Any CPU
		{20421B38-8507-4D38-9FF9-10764B2B6F4A}.Release|x64.Build.0 = Release|Any CPU
		{20421B38-8507-4D38-9FF9-10764B2B6F4A}.Release|x86.ActiveCfg = Release|Any CPU
		{20421B38-8507-4D38-9FF9-10764B2B6F4A}.Release|x86.Build.0 = Release|Any CPU
		{3511DDA0-2997-4B52-8B1C-55C0A5C8FF87}.Debug|Any CPU.ActiveCfg = Debug|x64
		{3511DDA0-2997-4B52-8B1C-55C0A5C8FF87}.Debug|x64.ActiveCfg = Debug|x64
		{3511DDA0-2997-4B52-8B1C-55C0A5C8FF87}.Debug|x64.Build.0 = Debug|x64
		{3511DDA0-2997-4B52-8B1C-55C0A5C8FF87}.Debug|x86.ActiveCfg = Debug|x64
		{3511DDA0-2997-4B52-8B1C-55C0A5C8FF87}.Release|Any CPU.ActiveCfg = Release|x64
		{3511DDA0-2997-4B52-8B1C-55C0A5C8FF87}.Release|x64.ActiveCfg = Release|x64
		{3511DDA0-2997-4B52-8B1C-55C0A5C8FF87}.Release|x64.Build.0 = Release|x64
		{3511DDA0-2997-4B52-8B1C-55C0A5C8FF87}.Release|x86.ActiveCfg = Release|x64
		{80FBA289-595B-4C57-9B18-F7691E412378}.Debug|Any CPU.ActiveCfg = Debug|Any CPU
		{80FBA289-595B-4C57-9B18-F7691E412378}.Debug|Any CPU.Build.0 = Debug|Any CPU
		{80FBA289-595B-4C57-9B18-F7691E412378}.Debug|x64.ActiveCfg = Debug|Any CPU
		{80FBA289-595B-4C57-9B18-F7691E412378}.Debug|x64.Build.0 = Debug|Any CPU
		{80FBA289-595B-4C57-9B18-F7691E412378}.Debug|x86.ActiveCfg = Debug|Any CPU
		{80FBA289-595B-4C57-9B18-F7691E412378}.Debug|x86.Build.0 = Debug|Any CPU
		{80FBA289-595B-4C57-9B18-F7691E412378}.Release|Any CPU.ActiveCfg = Release|Any CPU
		{80FBA289-595B-4C57-9B18-F7691E412378}.Release|Any CPU.Build.0 = Release|Any CPU
		{80FBA289-595B-4C57-9B18-F7691E412378}.Release|x64.ActiveCfg = Release|Any CPU
		{80FBA289-595B-4C57-9B18-F7691E412378}.Release|x64.Build.0 = Release|Any CPU
		{80FBA289-595B-4C57-9B18-F7691E412378}.Release|x86.ActiveCfg = Release|Any CPU
		{80FBA289-595B-4C57-9B18-F7691E412378}.Release|x86.Build.0 = Release|Any CPU
	EndGlobalSection
	GlobalSection(SolutionProperties) = preSolution
		HideSolutionNode = FALSE
	EndGlobalSection
	GlobalSection(NestedProjects) = preSolution
		{8A1CBF52-737D-446A-A877-7A4AA4FEB049} = {7B15C739-8B99-4FE0-A845-98AB846D2354}
		{20421B38-8507-4D38-9FF9-10764B2B6F4A} = {7B15C739-8B99-4FE0-A845-98AB846D2354}
		{BF2E49E1-8756-4064-A0E1-CA5A6E2156B8} = {0532A3C7-5627-49F8-971C-E81AFB33E11F}
		{3511DDA0-2997-4B52-8B1C-55C0A5C8FF87} = {0532A3C7-5627-49F8-971C-E81AFB33E11F}
		{80FBA289-595B-4C57-9B18-F7691E412378} = {0532A3C7-5627-49F8-971C-E81AFB33E11F}
	EndGlobalSection
	GlobalSection(ExtensibilityGlobals) = postSolution
		SolutionGuid = {ED3C0843-4C5C-4F65-8A4F-EAAEBC664C09}
	EndGlobalSection
EndGlobal
